
Microsoft Visual Studio Solution File, Format Version 12.00
# Visual Studio Version 17
VisualStudioVersion = 17.4.33205.214
MinimumVisualStudioVersion = 10.0.40219.1
Project("{2150E333-8FDC-42A3-9474-1A3956D46DE8}") = "js", "js", "{A05C50E2-C90A-45A8-8FBE-039A4A16D007}"
	ProjectSection(SolutionItems) = preProject
		default.user.js = default.user.js
	EndProjectSection
EndProject
Project("{2150E333-8FDC-42A3-9474-1A3956D46DE8}") = "css", "css", "{F3954977-C421-416E-986D-4CC4D80A6460}"
	ProjectSection(SolutionItems) = preProject
		default.css = default.css
	EndProjectSection
EndProject
Project("{2150E333-8FDC-42A3-9474-1A3956D46DE8}") = "media", "media", "{6A29AC4C-3772-4528-A138-3132CC9BA5CF}"
EndProject
Project("{2150E333-8FDC-42A3-9474-1A3956D46DE8}") = "Elementi di soluzione", "Elementi di soluzione", "{9A6B03B2-4E5F-4963-B4DE-2CA9BBE03908}"
	ProjectSection(SolutionItems) = preProject
		index.html = index.html
	EndProjectSection
EndProject
Global
	GlobalSection(SolutionProperties) = preSolution
		HideSolutionNode = FALSE
	EndGlobalSection
	GlobalSection(ExtensibilityGlobals) = postSolution
		SolutionGuid = {D8E95B14-3F32-48D9-B29B-6A1073F03DAA}
	EndGlobalSection
EndGlobal
